{
  "name": "project-management-app",
  "lockfileVersion": 2,
  "requires": true,
  "packages": {
    "": {
      "dependencies": {
        "@angular/animations": "^14.2.9",
        "ngx-toastr": "^15.2.1"
      },
      "devDependencies": {
        "@angular/cdk-experimental": "^14.2.7"
      }
    },
    "node_modules/@angular/animations": {
      "version": "14.2.9",
      "resolved": "https://registry.npmjs.org/@angular/animations/-/animations-14.2.9.tgz",
      "integrity": "sha512-oUgfao3A0LbTKcYIPsXk982CFomjAdOB8782txXs9r7RANCZgMlE/t36PEMesAvUPimLbUF31HjCJu8YuC/OYw==",
      "dependencies": {
        "tslib": "^2.3.0"
      },
      "engines": {
        "node": "^14.15.0 || >=16.10.0"
      },
      "peerDependencies": {
        "@angular/core": "14.2.9"
      }
    },
    "node_modules/@angular/cdk": {
      "version": "14.2.7",
      "resolved": "https://registry.npmjs.org/@angular/cdk/-/cdk-14.2.7.tgz",
      "integrity": "sha512-/tEsYaUbDSnfEmKVvAMramIptmhI67O+9STjOV0i+74XR2NospeK0fkbywIANu1n3w6AHGMotvRWJrjmbCElFg==",
      "dev": true,
      "peer": true,
      "dependencies": {
        "tslib": "^2.3.0"
      },
      "optionalDependencies": {
        "parse5": "^5.0.0"
      },
      "peerDependencies": {
        "@angular/common": "^14.0.0 || ^15.0.0",
        "@angular/core": "^14.0.0 || ^15.0.0",
        "rxjs": "^6.5.3 || ^7.4.0"
      }
    },
    "node_modules/@angular/cdk-experimental": {
      "version": "14.2.7",
      "resolved": "https://registry.npmjs.org/@angular/cdk-experimental/-/cdk-experimental-14.2.7.tgz",
      "integrity": "sha512-SzdLiOW6hdtPfEPSgx8aKuX2xEf9w3uH9RlCaVXuj5cNDJCy50PiJhRIAoRrd6p3OhHexW4aBesdEQpyysRzkg==",
      "dev": true,
      "dependencies": {
        "tslib": "^2.3.0"
      },
      "peerDependencies": {
        "@angular/cdk": "14.2.7",
        "@angular/core": "^14.0.0 || ^15.0.0"
      }
    },
    "node_modules/@angular/common": {
      "version": "14.2.9",
      "resolved": "https://registry.npmjs.org/@angular/common/-/common-14.2.9.tgz",
      "integrity": "sha512-nC1He98gj4FQqSo31Fb9ZJ+Ao3jJbmAg1JAdF5L0tkY70YydM91HXAp/JDrJ12O7IomenAwEHONFCVxgUfqUJw==",
      "peer": true,
      "dependencies": {
        "tslib": "^2.3.0"
      },
      "engines": {
        "node": "^14.15.0 || >=16.10.0"
      },
      "peerDependencies": {
        "@angular/core": "14.2.9",
        "rxjs": "^6.5.3 || ^7.4.0"
      }
    },
    "node_modules/@angular/core": {
      "version": "14.2.9",
      "resolved": "https://registry.npmjs.org/@angular/core/-/core-14.2.9.tgz",
      "integrity": "sha512-6bExQgGmN9qmBbVMl7WaZ1KFSfTgFK+MmLbvoh4a29b47h7wvEuUWO7ulczzoUJQfMGfXU/4ypEW1a8ZhX+Xrg==",
      "peer": true,
      "dependencies": {
        "tslib": "^2.3.0"
      },
      "engines": {
        "node": "^14.15.0 || >=16.10.0"
      },
      "peerDependencies": {
        "rxjs": "^6.5.3 || ^7.4.0",
        "zone.js": "~0.11.4"
      }
    },
    "node_modules/@angular/platform-browser": {
      "version": "14.2.9",
      "resolved": "https://registry.npmjs.org/@angular/platform-browser/-/platform-browser-14.2.9.tgz",
      "integrity": "sha512-cvKFyHZp69scDj+tOmknWsdyarpNjpuFHbn2Tn3K9HLJsNHOvP2g8d/KwHl5atRscnDK1ztNh+FUKhGmQZsbng==",
      "peer": true,
      "dependencies": {
        "tslib": "^2.3.0"
      },
      "engines": {
        "node": "^14.15.0 || >=16.10.0"
      },
      "peerDependencies": {
        "@angular/animations": "14.2.9",
        "@angular/common": "14.2.9",
        "@angular/core": "14.2.9"
      },
      "peerDependenciesMeta": {
        "@angular/animations": {
          "optional": true
        }
      }
    },
    "node_modules/ngx-toastr": {
      "version": "15.2.1",
      "resolved": "https://registry.npmjs.org/ngx-toastr/-/ngx-toastr-15.2.1.tgz",
      "integrity": "sha512-Fyik8+sTbmX4NftVWWd3SIaeH8qlRU0emAfpey/AXsXuUEXgOOXKKnVPLmMAK7XL7xLy0c/+UsYBwlPK4TJcmA==",
      "dependencies": {
        "tslib": "^2.3.0"
      },
      "peerDependencies": {
        "@angular/common": ">=14.0.0-0",
        "@angular/core": ">=14.0.0-0",
        "@angular/platform-browser": ">=14.0.0-0"
      }
    },
    "node_modules/parse5": {
      "version": "5.1.1",
      "resolved": "https://registry.npmjs.org/parse5/-/parse5-5.1.1.tgz",
      "integrity": "sha512-ugq4DFI0Ptb+WWjAdOK16+u/nHfiIrcE+sh8kZMaM0WllQKLI9rOUq6c2b7cwPkXdzfQESqvoqK6ug7U/Yyzug==",
      "dev": true,
      "optional": true,
      "peer": true
    },
    "node_modules/rxjs": {
      "version": "7.5.7",
      "resolved": "https://registry.npmjs.org/rxjs/-/rxjs-7.5.7.tgz",
      "integrity": "sha512-z9MzKh/UcOqB3i20H6rtrlaE/CgjLOvheWK/9ILrbhROGTweAi1BaFsTT9FbwZi5Trr1qNRs+MXkhmR06awzQA==",
      "peer": true,
      "dependencies": {
        "tslib": "^2.1.0"
      }
    },
    "node_modules/tslib": {
      "version": "2.4.1",
      "resolved": "https://registry.npmjs.org/tslib/-/tslib-2.4.1.tgz",
      "integrity": "sha512-tGyy4dAjRIEwI7BzsB0lynWgOpfqjUdq91XXAlIWD2OwKBH7oCl/GZG/HT4BOHrTlPMOASlMQ7veyTqpmRcrNA=="
    },
    "node_modules/zone.js": {
      "version": "0.11.8",
      "resolved": "https://registry.npmjs.org/zone.js/-/zone.js-0.11.8.tgz",
      "integrity": "sha512-82bctBg2hKcEJ21humWIkXRlLBBmrc3nN7DFh5LGGhcyycO2S7FN8NmdvlcKaGFDNVL4/9kFLmwmInTavdJERA==",
      "peer": true,
      "dependencies": {
        "tslib": "^2.3.0"
      }
    }
  },
  "dependencies": {
    "@angular/animations": {
      "version": "14.2.9",
      "resolved": "https://registry.npmjs.org/@angular/animations/-/animations-14.2.9.tgz",
      "integrity": "sha512-oUgfao3A0LbTKcYIPsXk982CFomjAdOB8782txXs9r7RANCZgMlE/t36PEMesAvUPimLbUF31HjCJu8YuC/OYw==",
      "requires": {
        "tslib": "^2.3.0"
      }
    },
    "@angular/cdk": {
      "version": "14.2.7",
      "resolved": "https://registry.npmjs.org/@angular/cdk/-/cdk-14.2.7.tgz",
      "integrity": "sha512-/tEsYaUbDSnfEmKVvAMramIptmhI67O+9STjOV0i+74XR2NospeK0fkbywIANu1n3w6AHGMotvRWJrjmbCElFg==",
      "dev": true,
      "peer": true,
      "requires": {
        "parse5": "^5.0.0",
        "tslib": "^2.3.0"
      }
    },
    "@angular/cdk-experimental": {
      "version": "14.2.7",
      "resolved": "https://registry.npmjs.org/@angular/cdk-experimental/-/cdk-experimental-14.2.7.tgz",
      "integrity": "sha512-SzdLiOW6hdtPfEPSgx8aKuX2xEf9w3uH9RlCaVXuj5cNDJCy50PiJhRIAoRrd6p3OhHexW4aBesdEQpyysRzkg==",
      "dev": true,
      "requires": {
        "tslib": "^2.3.0"
      }
    },
    "@angular/common": {
      "version": "14.2.9",
      "resolved": "https://registry.npmjs.org/@angular/common/-/common-14.2.9.tgz",
      "integrity": "sha512-nC1He98gj4FQqSo31Fb9ZJ+Ao3jJbmAg1JAdF5L0tkY70YydM91HXAp/JDrJ12O7IomenAwEHONFCVxgUfqUJw==",
      "peer": true,
      "requires": {
        "tslib": "^2.3.0"
      }
    },
    "@angular/core": {
      "version": "14.2.9",
      "resolved": "https://registry.npmjs.org/@angular/core/-/core-14.2.9.tgz",
      "integrity": "sha512-6bExQgGmN9qmBbVMl7WaZ1KFSfTgFK+MmLbvoh4a29b47h7wvEuUWO7ulczzoUJQfMGfXU/4ypEW1a8ZhX+Xrg==",
      "peer": true,
      "requires": {
        "tslib": "^2.3.0"
      }
    },
    "@angular/platform-browser": {
      "version": "14.2.9",
      "resolved": "https://registry.npmjs.org/@angular/platform-browser/-/platform-browser-14.2.9.tgz",
      "integrity": "sha512-cvKFyHZp69scDj+tOmknWsdyarpNjpuFHbn2Tn3K9HLJsNHOvP2g8d/KwHl5atRscnDK1ztNh+FUKhGmQZsbng==",
      "peer": true,
      "requires": {
        "tslib": "^2.3.0"
      }
    },
    "ngx-toastr": {
      "version": "15.2.1",
      "resolved": "https://registry.npmjs.org/ngx-toastr/-/ngx-toastr-15.2.1.tgz",
      "integrity": "sha512-Fyik8+sTbmX4NftVWWd3SIaeH8qlRU0emAfpey/AXsXuUEXgOOXKKnVPLmMAK7XL7xLy0c/+UsYBwlPK4TJcmA==",
      "requires": {
        "tslib": "^2.3.0"
      }
    },
    "parse5": {
      "version": "5.1.1",
      "resolved": "https://registry.npmjs.org/parse5/-/parse5-5.1.1.tgz",
      "integrity": "sha512-ugq4DFI0Ptb+WWjAdOK16+u/nHfiIrcE+sh8kZMaM0WllQKLI9rOUq6c2b7cwPkXdzfQESqvoqK6ug7U/Yyzug==",
      "dev": true,
      "optional": true,
      "peer": true
    },
    "rxjs": {
      "version": "7.5.7",
      "resolved": "https://registry.npmjs.org/rxjs/-/rxjs-7.5.7.tgz",
      "integrity": "sha512-z9MzKh/UcOqB3i20H6rtrlaE/CgjLOvheWK/9ILrbhROGTweAi1BaFsTT9FbwZi5Trr1qNRs+MXkhmR06awzQA==",
      "peer": true,
      "requires": {
        "tslib": "^2.1.0"
      }
    },
    "tslib": {
      "version": "2.4.1",
      "resolved": "https://registry.npmjs.org/tslib/-/tslib-2.4.1.tgz",
      "integrity": "sha512-tGyy4dAjRIEwI7BzsB0lynWgOpfqjUdq91XXAlIWD2OwKBH7oCl/GZG/HT4BOHrTlPMOASlMQ7veyTqpmRcrNA=="
    },
    "zone.js": {
      "version": "0.11.8",
      "resolved": "https://registry.npmjs.org/zone.js/-/zone.js-0.11.8.tgz",
      "integrity": "sha512-82bctBg2hKcEJ21humWIkXRlLBBmrc3nN7DFh5LGGhcyycO2S7FN8NmdvlcKaGFDNVL4/9kFLmwmInTavdJERA==",
      "peer": true,
      "requires": {
        "tslib": "^2.3.0"
      }
    }
  }
}
